PODS:
  - BMExtendablePageController (0.1.1)

DEPENDENCIES:
  - BMExtendablePageController (from `../BMExtendablePageController/`)

EXTERNAL SOURCES:
  BMExtendablePageController:
    :path: ../BMExtendablePageController/

SPEC CHECKSUMS:
  BMExtendablePageController: 1aad39f8b60c458f0f13d4a6640c2dafe8e669ff

COCOAPODS: 0.19.1
