PODS:
  - BMExtendablePageController (0.2.0):
    - CAAnimationBlocks (~> 0.0.1)
  - CAAnimationBlocks (0.0.1)

DEPENDENCIES:
  - BMExtendablePageController (from `~/Desktop/projects/BMExtPageController/BMExtPageController`)

EXTERNAL SOURCES:
  BMExtendablePageController:
    :path: ~/Desktop/projects/BMExtPageController/BMExtPageController

SPEC CHECKSUMS:
  BMExtendablePageController: 2932a2b011323c70560af099769dbc98feeee5a0
  CAAnimationBlocks: b70f877c5b92734abef270152187d3287d84e8f8

COCOAPODS: 0.20.2
