PODS:
  - BMExtendablePageController (0.1.0)

DEPENDENCIES:
  - BMExtendablePageController (from `/Users/Benjamin/Desktop/urbn/BMExtPageController`)

EXTERNAL SOURCES:
  BMExtendablePageController:
    :path: /Users/Benjamin/Desktop/urbn/BMExtPageController

SPEC CHECKSUMS:
  BMExtendablePageController: 71c9f47ff6f36d59435acb3a7cd3e5309954e5c0

COCOAPODS: 0.19.1
